
Microsoft Visual Studio Solution File, Format Version 12.00
# Visual Studio Version 17
VisualStudioVersion = 17.5.002.0
MinimumVisualStudioVersion = 10.0.40219.1
Project("{9A19103F-16F7-4668-BE54-9A1E7A4F7556}") = "DigitalSolutions", "DigitalSolutions.csproj", "{6E67BBEE-C230-46C8-BA8D-0BC6581F26A9}"
EndProject
Global
	GlobalSection(SolutionConfigurationPlatforms) = preSolution
		Debug|Any CPU = Debug|Any CPU
		Release|Any CPU = Release|Any CPU
	EndGlobalSection
	GlobalSection(ProjectConfigurationPlatforms) = postSolution
		{6E67BBEE-C230-46C8-BA8D-0BC6581F26A9}.Debug|Any CPU.ActiveCfg = Debug|Any CPU
		{6E67BBEE-C230-46C8-BA8D-0BC6581F26A9}.Debug|Any CPU.Build.0 = Debug|Any CPU
		{6E67BBEE-C230-46C8-BA8D-0BC6581F26A9}.Release|Any CPU.ActiveCfg = Release|Any CPU
		{6E67BBEE-C230-46C8-BA8D-0BC6581F26A9}.Release|Any CPU.Build.0 = Release|Any CPU
	EndGlobalSection
	GlobalSection(SolutionProperties) = preSolution
		HideSolutionNode = FALSE
	EndGlobalSection
	GlobalSection(ExtensibilityGlobals) = postSolution
		SolutionGuid = {5A87DC6C-BFD7-45FD-BDB2-CE2F3A5F4BD2}
	EndGlobalSection
EndGlobal
